// !$*UTF8*$!
{
	archiveVersion = 1;
	classes = {
	};
	objectVersion = 46;
	objects = {

/* Begin PBXBuildFile section */
		A7D311924B4D4949A5C890F0 /* libPods.a in Frameworks */ = {isa = PBXBuildFile; fileRef = F7D8134F24DE446A8B5A17FA /* libPods.a */; };
		E5A3A3AA178DB7DB00DB4917 /* UIKit.framework in Frameworks */ = {isa = PBXBuildFile; fileRef = E5A3A3A9178DB7DB00DB4917 /* UIKit.framework */; };
		E5A3A3AC178DB7DB00DB4917 /* Foundation.framework in Frameworks */ = {isa = PBXBuildFile; fileRef = E5A3A3AB178DB7DB00DB4917 /* Foundation.framework */; };
		E5A3A3AE178DB7DB00DB4917 /* CoreGraphics.framework in Frameworks */ = {isa = PBXBuildFile; fileRef = E5A3A3AD178DB7DB00DB4917 /* CoreGraphics.framework */; };
		E5A3A3B4178DB7DB00DB4917 /* InfoPlist.strings in Resources */ = {isa = PBXBuildFile; fileRef = E5A3A3B2178DB7DB00DB4917 /* InfoPlist.strings */; };
		E5A3A3B6178DB7DB00DB4917 /* main.m in Sources */ = {isa = PBXBuildFile; fileRef = E5A3A3B5178DB7DB00DB4917 /* main.m */; };
		E5A3A3BA178DB7DB00DB4917 /* PTAppDelegate.m in Sources */ = {isa = PBXBuildFile; fileRef = E5A3A3B9178DB7DB00DB4917 /* PTAppDelegate.m */; };
		E5A3A3BC178DB7DB00DB4917 /* Default.png in Resources */ = {isa = PBXBuildFile; fileRef = E5A3A3BB178DB7DB00DB4917 /* Default.png */; };
		E5A3A3BE178DB7DB00DB4917 /* Default@2x.png in Resources */ = {isa = PBXBuildFile; fileRef = E5A3A3BD178DB7DB00DB4917 /* Default@2x.png */; };
		E5A3A3C0178DB7DB00DB4917 /* Default-568h@2x.png in Resources */ = {isa = PBXBuildFile; fileRef = E5A3A3BF178DB7DB00DB4917 /* Default-568h@2x.png */; };
		E5A3A3C3178DB7DB00DB4917 /* PTMasterViewController.m in Sources */ = {isa = PBXBuildFile; fileRef = E5A3A3C2178DB7DB00DB4917 /* PTMasterViewController.m */; };
		E5A3A3C6178DB7DB00DB4917 /* PTDetailViewController.m in Sources */ = {isa = PBXBuildFile; fileRef = E5A3A3C5178DB7DB00DB4917 /* PTDetailViewController.m */; };
		E5A3A3C9178DB7DB00DB4917 /* PTMasterViewController_iPhone.xib in Resources */ = {isa = PBXBuildFile; fileRef = E5A3A3C7178DB7DB00DB4917 /* PTMasterViewController_iPhone.xib */; };
		E5A3A3CC178DB7DB00DB4917 /* PTMasterViewController_iPad.xib in Resources */ = {isa = PBXBuildFile; fileRef = E5A3A3CA178DB7DB00DB4917 /* PTMasterViewController_iPad.xib */; };
		E5A3A3CF178DB7DB00DB4917 /* PTDetailViewController_iPhone.xib in Resources */ = {isa = PBXBuildFile; fileRef = E5A3A3CD178DB7DB00DB4917 /* PTDetailViewController_iPhone.xib */; };
		E5A3A3D2178DB7DB00DB4917 /* PTDetailViewController_iPad.xib in Resources */ = {isa = PBXBuildFile; fileRef = E5A3A3D0178DB7DB00DB4917 /* PTDetailViewController_iPad.xib */; };
		E5A3A3DA178DB7DB00DB4917 /* SenTestingKit.framework in Frameworks */ = {isa = PBXBuildFile; fileRef = E5A3A3D9178DB7DB00DB4917 /* SenTestingKit.framework */; };
		E5A3A3DB178DB7DB00DB4917 /* UIKit.framework in Frameworks */ = {isa = PBXBuildFile; fileRef = E5A3A3A9178DB7DB00DB4917 /* UIKit.framework */; };
		E5A3A3DC178DB7DB00DB4917 /* Foundation.framework in Frameworks */ = {isa = PBXBuildFile; fileRef = E5A3A3AB178DB7DB00DB4917 /* Foundation.framework */; };
		E5A3A3E4178DB7DB00DB4917 /* InfoPlist.strings in Resources */ = {isa = PBXBuildFile; fileRef = E5A3A3E2178DB7DB00DB4917 /* InfoPlist.strings */; };
		E5A3A3E7178DB7DB00DB4917 /* PodsTestTests.m in Sources */ = {isa = PBXBuildFile; fileRef = E5A3A3E6178DB7DB00DB4917 /* PodsTestTests.m */; };
		E5A3A402178DD94700DB4917 /* Pods.xcconfig in Resources */ = {isa = PBXBuildFile; fileRef = E5A3A401178DD94700DB4917 /* Pods.xcconfig */; };
		E5A3A403178DD9C400DB4917 /* Pods.xcconfig in Resources */ = {isa = PBXBuildFile; fileRef = E5A3A401178DD94700DB4917 /* Pods.xcconfig */; };
		E5F3CEB5178DE37D007FA888 /* SpectaTest.m in Sources */ = {isa = PBXBuildFile; fileRef = E5F3CEB4178DE37D007FA888 /* SpectaTest.m */; };
		E5FD6DD21795B77500B34477 /* Foundation.framework in Frameworks */ = {isa = PBXBuildFile; fileRef = E5A3A3AB178DB7DB00DB4917 /* Foundation.framework */; };
		E5FD6DD71795B77500B34477 /* StaticLibTest.h in CopyFiles */ = {isa = PBXBuildFile; fileRef = E5FD6DD61795B77500B34477 /* StaticLibTest.h */; };
		E5FD6DD91795B77500B34477 /* StaticLibTest.m in Sources */ = {isa = PBXBuildFile; fileRef = E5FD6DD81795B77500B34477 /* StaticLibTest.m */; };
		E5FD6DE01795B77500B34477 /* SenTestingKit.framework in Frameworks */ = {isa = PBXBuildFile; fileRef = E5A3A3D9178DB7DB00DB4917 /* SenTestingKit.framework */; };
		E5FD6DE11795B77500B34477 /* UIKit.framework in Frameworks */ = {isa = PBXBuildFile; fileRef = E5A3A3A9178DB7DB00DB4917 /* UIKit.framework */; };
		E5FD6DE21795B77500B34477 /* Foundation.framework in Frameworks */ = {isa = PBXBuildFile; fileRef = E5A3A3AB178DB7DB00DB4917 /* Foundation.framework */; };
		E5FD6DE51795B77500B34477 /* libStaticLibTest.a in Frameworks */ = {isa = PBXBuildFile; fileRef = E5FD6DD11795B77500B34477 /* libStaticLibTest.a */; };
		E5FD6DEB1795B77500B34477 /* InfoPlist.strings in Resources */ = {isa = PBXBuildFile; fileRef = E5FD6DE91795B77500B34477 /* InfoPlist.strings */; };
		E5FD6DEE1795B77500B34477 /* StaticLibTestTests.m in Sources */ = {isa = PBXBuildFile; fileRef = E5FD6DED1795B77500B34477 /* StaticLibTestTests.m */; };
		E5FD6DF61795B7D300B34477 /* Test.m in Sources */ = {isa = PBXBuildFile; fileRef = E5FD6DF51795B7D300B34477 /* Test.m */; };
/* End PBXBuildFile section */

/* Begin PBXContainerItemProxy section */
		E5A3A3DD178DB7DB00DB4917 /* PBXContainerItemProxy */ = {
			isa = PBXContainerItemProxy;
			containerPortal = E5A3A39E178DB7DB00DB4917 /* Project object */;
			proxyType = 1;
			remoteGlobalIDString = E5A3A3A5178DB7DB00DB4917;
			remoteInfo = PodsTest;
		};
		E5FD6DE31795B77500B34477 /* PBXContainerItemProxy */ = {
			isa = PBXContainerItemProxy;
			containerPortal = E5A3A39E178DB7DB00DB4917 /* Project object */;
			proxyType = 1;
			remoteGlobalIDString = E5FD6DD01795B77500B34477;
			remoteInfo = StaticLibTest;
		};
/* End PBXContainerItemProxy section */

/* Begin PBXCopyFilesBuildPhase section */
		E5FD6DCF1795B77500B34477 /* CopyFiles */ = {
			isa = PBXCopyFilesBuildPhase;
			buildActionMask = 2147483647;
			dstPath = "include/${PRODUCT_NAME}";
			dstSubfolderSpec = 16;
			files = (
				E5FD6DD71795B77500B34477 /* StaticLibTest.h in CopyFiles */,
			);
			runOnlyForDeploymentPostprocessing = 0;
		};
/* End PBXCopyFilesBuildPhase section */

/* Begin PBXFileReference section */
		E5A3A3A6178DB7DB00DB4917 /* PodsTest.app */ = {isa = PBXFileReference; explicitFileType = wrapper.application; includeInIndex = 0; path = PodsTest.app; sourceTree = BUILT_PRODUCTS_DIR; };
		E5A3A3A9178DB7DB00DB4917 /* UIKit.framework */ = {isa = PBXFileReference; lastKnownFileType = wrapper.framework; name = UIKit.framework; path = System/Library/Frameworks/UIKit.framework; sourceTree = SDKROOT; };
		E5A3A3AB178DB7DB00DB4917 /* Foundation.framework */ = {isa = PBXFileReference; lastKnownFileType = wrapper.framework; name = Foundation.framework; path = System/Library/Frameworks/Foundation.framework; sourceTree = SDKROOT; };
		E5A3A3AD178DB7DB00DB4917 /* CoreGraphics.framework */ = {isa = PBXFileReference; lastKnownFileType = wrapper.framework; name = CoreGraphics.framework; path = System/Library/Frameworks/CoreGraphics.framework; sourceTree = SDKROOT; };
		E5A3A3B1178DB7DB00DB4917 /* PodsTest-Info.plist */ = {isa = PBXFileReference; lastKnownFileType = text.plist.xml; path = "PodsTest-Info.plist"; sourceTree = "<group>"; };
		E5A3A3B3178DB7DB00DB4917 /* en */ = {isa = PBXFileReference; lastKnownFileType = text.plist.strings; name = en; path = en.lproj/InfoPlist.strings; sourceTree = "<group>"; };
		E5A3A3B5178DB7DB00DB4917 /* main.m */ = {isa = PBXFileReference; lastKnownFileType = sourcecode.c.objc; path = main.m; sourceTree = "<group>"; };
		E5A3A3B7178DB7DB00DB4917 /* PodsTest-Prefix.pch */ = {isa = PBXFileReference; lastKnownFileType = sourcecode.c.h; path = "PodsTest-Prefix.pch"; sourceTree = "<group>"; };
		E5A3A3B8178DB7DB00DB4917 /* PTAppDelegate.h */ = {isa = PBXFileReference; lastKnownFileType = sourcecode.c.h; path = PTAppDelegate.h; sourceTree = "<group>"; };
		E5A3A3B9178DB7DB00DB4917 /* PTAppDelegate.m */ = {isa = PBXFileReference; lastKnownFileType = sourcecode.c.objc; path = PTAppDelegate.m; sourceTree = "<group>"; };
		E5A3A3BB178DB7DB00DB4917 /* Default.png */ = {isa = PBXFileReference; lastKnownFileType = image.png; path = Default.png; sourceTree = "<group>"; };
		E5A3A3BD178DB7DB00DB4917 /* Default@2x.png */ = {isa = PBXFileReference; lastKnownFileType = image.png; path = "Default@2x.png"; sourceTree = "<group>"; };
		E5A3A3BF178DB7DB00DB4917 /* Default-568h@2x.png */ = {isa = PBXFileReference; lastKnownFileType = image.png; path = "Default-568h@2x.png"; sourceTree = "<group>"; };
		E5A3A3C1178DB7DB00DB4917 /* PTMasterViewController.h */ = {isa = PBXFileReference; lastKnownFileType = sourcecode.c.h; path = PTMasterViewController.h; sourceTree = "<group>"; };
		E5A3A3C2178DB7DB00DB4917 /* PTMasterViewController.m */ = {isa = PBXFileReference; lastKnownFileType = sourcecode.c.objc; path = PTMasterViewController.m; sourceTree = "<group>"; };
		E5A3A3C4178DB7DB00DB4917 /* PTDetailViewController.h */ = {isa = PBXFileReference; lastKnownFileType = sourcecode.c.h; path = PTDetailViewController.h; sourceTree = "<group>"; };
		E5A3A3C5178DB7DB00DB4917 /* PTDetailViewController.m */ = {isa = PBXFileReference; lastKnownFileType = sourcecode.c.objc; path = PTDetailViewController.m; sourceTree = "<group>"; };
		E5A3A3C8178DB7DB00DB4917 /* en */ = {isa = PBXFileReference; lastKnownFileType = file.xib; name = en; path = en.lproj/PTMasterViewController_iPhone.xib; sourceTree = "<group>"; };
		E5A3A3CB178DB7DB00DB4917 /* en */ = {isa = PBXFileReference; lastKnownFileType = file.xib; name = en; path = en.lproj/PTMasterViewController_iPad.xib; sourceTree = "<group>"; };
		E5A3A3CE178DB7DB00DB4917 /* en */ = {isa = PBXFileReference; lastKnownFileType = file.xib; name = en; path = en.lproj/PTDetailViewController_iPhone.xib; sourceTree = "<group>"; };
		E5A3A3D1178DB7DB00DB4917 /* en */ = {isa = PBXFileReference; lastKnownFileType = file.xib; name = en; path = en.lproj/PTDetailViewController_iPad.xib; sourceTree = "<group>"; };
		E5A3A3D8178DB7DB00DB4917 /* PodsTestTests.octest */ = {isa = PBXFileReference; explicitFileType = wrapper.cfbundle; includeInIndex = 0; path = PodsTestTests.octest; sourceTree = BUILT_PRODUCTS_DIR; };
		E5A3A3D9178DB7DB00DB4917 /* SenTestingKit.framework */ = {isa = PBXFileReference; lastKnownFileType = wrapper.framework; name = SenTestingKit.framework; path = Library/Frameworks/SenTestingKit.framework; sourceTree = DEVELOPER_DIR; };
		E5A3A3E1178DB7DB00DB4917 /* PodsTestTests-Info.plist */ = {isa = PBXFileReference; lastKnownFileType = text.plist.xml; path = "PodsTestTests-Info.plist"; sourceTree = "<group>"; };
		E5A3A3E3178DB7DB00DB4917 /* en */ = {isa = PBXFileReference; lastKnownFileType = text.plist.strings; name = en; path = en.lproj/InfoPlist.strings; sourceTree = "<group>"; };
		E5A3A3E5178DB7DB00DB4917 /* PodsTestTests.h */ = {isa = PBXFileReference; lastKnownFileType = sourcecode.c.h; path = PodsTestTests.h; sourceTree = "<group>"; };
		E5A3A3E6178DB7DB00DB4917 /* PodsTestTests.m */ = {isa = PBXFileReference; lastKnownFileType = sourcecode.c.objc; path = PodsTestTests.m; sourceTree = "<group>"; };
		E5A3A401178DD94700DB4917 /* Pods.xcconfig */ = {isa = PBXFileReference; lastKnownFileType = text.xcconfig; name = Pods.xcconfig; path = Pods/Pods.xcconfig; sourceTree = "<group>"; };
		E5F3CEB4178DE37D007FA888 /* SpectaTest.m */ = {isa = PBXFileReference; fileEncoding = 4; lastKnownFileType = sourcecode.c.objc; path = SpectaTest.m; sourceTree = "<group>"; };
		E5FD6DD11795B77500B34477 /* libStaticLibTest.a */ = {isa = PBXFileReference; explicitFileType = archive.ar; includeInIndex = 0; path = libStaticLibTest.a; sourceTree = BUILT_PRODUCTS_DIR; };
		E5FD6DD51795B77500B34477 /* StaticLibTest-Prefix.pch */ = {isa = PBXFileReference; lastKnownFileType = sourcecode.c.h; path = "StaticLibTest-Prefix.pch"; sourceTree = "<group>"; };
		E5FD6DD61795B77500B34477 /* StaticLibTest.h */ = {isa = PBXFileReference; lastKnownFileType = sourcecode.c.h; path = StaticLibTest.h; sourceTree = "<group>"; };
		E5FD6DD81795B77500B34477 /* StaticLibTest.m */ = {isa = PBXFileReference; lastKnownFileType = sourcecode.c.objc; path = StaticLibTest.m; sourceTree = "<group>"; };
		E5FD6DDF1795B77500B34477 /* StaticLibTestTests.octest */ = {isa = PBXFileReference; explicitFileType = wrapper.cfbundle; includeInIndex = 0; path = StaticLibTestTests.octest; sourceTree = BUILT_PRODUCTS_DIR; };
		E5FD6DE81795B77500B34477 /* StaticLibTestTests-Info.plist */ = {isa = PBXFileReference; lastKnownFileType = text.plist.xml; path = "StaticLibTestTests-Info.plist"; sourceTree = "<group>"; };
		E5FD6DEA1795B77500B34477 /* en */ = {isa = PBXFileReference; lastKnownFileType = text.plist.strings; name = en; path = en.lproj/InfoPlist.strings; sourceTree = "<group>"; };
		E5FD6DEC1795B77500B34477 /* StaticLibTestTests.h */ = {isa = PBXFileReference; lastKnownFileType = sourcecode.c.h; path = StaticLibTestTests.h; sourceTree = "<group>"; };
		E5FD6DED1795B77500B34477 /* StaticLibTestTests.m */ = {isa = PBXFileReference; lastKnownFileType = sourcecode.c.objc; path = StaticLibTestTests.m; sourceTree = "<group>"; };
		E5FD6DF51795B7D300B34477 /* Test.m */ = {isa = PBXFileReference; fileEncoding = 4; lastKnownFileType = sourcecode.c.objc; path = Test.m; sourceTree = "<group>"; };
		F7D8134F24DE446A8B5A17FA /* libPods.a */ = {isa = PBXFileReference; explicitFileType = archive.ar; includeInIndex = 0; path = libPods.a; sourceTree = BUILT_PRODUCTS_DIR; };
/* End PBXFileReference section */

/* Begin PBXFrameworksBuildPhase section */
		E5A3A3A3178DB7DB00DB4917 /* Frameworks */ = {
			isa = PBXFrameworksBuildPhase;
			buildActionMask = 2147483647;
			files = (
				E5A3A3AA178DB7DB00DB4917 /* UIKit.framework in Frameworks */,
				E5A3A3AC178DB7DB00DB4917 /* Foundation.framework in Frameworks */,
				E5A3A3AE178DB7DB00DB4917 /* CoreGraphics.framework in Frameworks */,
				A7D311924B4D4949A5C890F0 /* libPods.a in Frameworks */,
			);
			runOnlyForDeploymentPostprocessing = 0;
		};
		E5A3A3D4178DB7DB00DB4917 /* Frameworks */ = {
			isa = PBXFrameworksBuildPhase;
			buildActionMask = 2147483647;
			files = (
				E5A3A3DA178DB7DB00DB4917 /* SenTestingKit.framework in Frameworks */,
				E5A3A3DB178DB7DB00DB4917 /* UIKit.framework in Frameworks */,
				E5A3A3DC178DB7DB00DB4917 /* Foundation.framework in Frameworks */,
			);
			runOnlyForDeploymentPostprocessing = 0;
		};
		E5FD6DCE1795B77500B34477 /* Frameworks */ = {
			isa = PBXFrameworksBuildPhase;
			buildActionMask = 2147483647;
			files = (
				E5FD6DD21795B77500B34477 /* Foundation.framework in Frameworks */,
			);
			runOnlyForDeploymentPostprocessing = 0;
		};
		E5FD6DDB1795B77500B34477 /* Frameworks */ = {
			isa = PBXFrameworksBuildPhase;
			buildActionMask = 2147483647;
			files = (
				E5FD6DE01795B77500B34477 /* SenTestingKit.framework in Frameworks */,
				E5FD6DE11795B77500B34477 /* UIKit.framework in Frameworks */,
				E5FD6DE21795B77500B34477 /* Foundation.framework in Frameworks */,
				E5FD6DE51795B77500B34477 /* libStaticLibTest.a in Frameworks */,
			);
			runOnlyForDeploymentPostprocessing = 0;
		};
/* End PBXFrameworksBuildPhase section */

/* Begin PBXGroup section */
		E5A3A39D178DB7DB00DB4917 = {
			isa = PBXGroup;
			children = (
				E5A3A401178DD94700DB4917 /* Pods.xcconfig */,
				E5A3A3AF178DB7DB00DB4917 /* PodsTest */,
				E5A3A3DF178DB7DB00DB4917 /* PodsTestTests */,
				E5FD6DD31795B77500B34477 /* StaticLibTest */,
				E5FD6DE61795B77500B34477 /* StaticLibTestTests */,
				E5A3A3A8178DB7DB00DB4917 /* Frameworks */,
				E5A3A3A7178DB7DB00DB4917 /* Products */,
			);
			sourceTree = "<group>";
		};
		E5A3A3A7178DB7DB00DB4917 /* Products */ = {
			isa = PBXGroup;
			children = (
				E5A3A3A6178DB7DB00DB4917 /* PodsTest.app */,
				E5A3A3D8178DB7DB00DB4917 /* PodsTestTests.octest */,
				E5FD6DD11795B77500B34477 /* libStaticLibTest.a */,
				E5FD6DDF1795B77500B34477 /* StaticLibTestTests.octest */,
			);
			name = Products;
			sourceTree = "<group>";
		};
		E5A3A3A8178DB7DB00DB4917 /* Frameworks */ = {
			isa = PBXGroup;
			children = (
				E5A3A3A9178DB7DB00DB4917 /* UIKit.framework */,
				E5A3A3AB178DB7DB00DB4917 /* Foundation.framework */,
				E5A3A3AD178DB7DB00DB4917 /* CoreGraphics.framework */,
				E5A3A3D9178DB7DB00DB4917 /* SenTestingKit.framework */,
				F7D8134F24DE446A8B5A17FA /* libPods.a */,
			);
			name = Frameworks;
			sourceTree = "<group>";
		};
		E5A3A3AF178DB7DB00DB4917 /* PodsTest */ = {
			isa = PBXGroup;
			children = (
				E5A3A3B8178DB7DB00DB4917 /* PTAppDelegate.h */,
				E5A3A3B9178DB7DB00DB4917 /* PTAppDelegate.m */,
				E5A3A3C1178DB7DB00DB4917 /* PTMasterViewController.h */,
				E5A3A3C2178DB7DB00DB4917 /* PTMasterViewController.m */,
				E5A3A3C4178DB7DB00DB4917 /* PTDetailViewController.h */,
				E5A3A3C5178DB7DB00DB4917 /* PTDetailViewController.m */,
				E5A3A3C7178DB7DB00DB4917 /* PTMasterViewController_iPhone.xib */,
				E5A3A3CA178DB7DB00DB4917 /* PTMasterViewController_iPad.xib */,
				E5A3A3CD178DB7DB00DB4917 /* PTDetailViewController_iPhone.xib */,
				E5A3A3D0178DB7DB00DB4917 /* PTDetailViewController_iPad.xib */,
				E5A3A3B0178DB7DB00DB4917 /* Supporting Files */,
			);
			path = PodsTest;
			sourceTree = "<group>";
		};
		E5A3A3B0178DB7DB00DB4917 /* Supporting Files */ = {
			isa = PBXGroup;
			children = (
				E5A3A3B1178DB7DB00DB4917 /* PodsTest-Info.plist */,
				E5A3A3B2178DB7DB00DB4917 /* InfoPlist.strings */,
				E5A3A3B5178DB7DB00DB4917 /* main.m */,
				E5A3A3B7178DB7DB00DB4917 /* PodsTest-Prefix.pch */,
				E5A3A3BB178DB7DB00DB4917 /* Default.png */,
				E5A3A3BD178DB7DB00DB4917 /* Default@2x.png */,
				E5A3A3BF178DB7DB00DB4917 /* Default-568h@2x.png */,
			);
			name = "Supporting Files";
			sourceTree = "<group>";
		};
		E5A3A3DF178DB7DB00DB4917 /* PodsTestTests */ = {
			isa = PBXGroup;
			children = (
				E5A3A3E5178DB7DB00DB4917 /* PodsTestTests.h */,
				E5A3A3E6178DB7DB00DB4917 /* PodsTestTests.m */,
				E5F3CEB4178DE37D007FA888 /* SpectaTest.m */,
				E5A3A3E0178DB7DB00DB4917 /* Supporting Files */,
			);
			path = PodsTestTests;
			sourceTree = "<group>";
		};
		E5A3A3E0178DB7DB00DB4917 /* Supporting Files */ = {
			isa = PBXGroup;
			children = (
				E5A3A3E1178DB7DB00DB4917 /* PodsTestTests-Info.plist */,
				E5A3A3E2178DB7DB00DB4917 /* InfoPlist.strings */,
			);
			name = "Supporting Files";
			sourceTree = "<group>";
		};
		E5FD6DD31795B77500B34477 /* StaticLibTest */ = {
			isa = PBXGroup;
			children = (
				E5FD6DD61795B77500B34477 /* StaticLibTest.h */,
				E5FD6DD81795B77500B34477 /* StaticLibTest.m */,
				E5FD6DD41795B77500B34477 /* Supporting Files */,
			);
			path = StaticLibTest;
			sourceTree = "<group>";
		};
		E5FD6DD41795B77500B34477 /* Supporting Files */ = {
			isa = PBXGroup;
			children = (
				E5FD6DD51795B77500B34477 /* StaticLibTest-Prefix.pch */,
			);
			name = "Supporting Files";
			sourceTree = "<group>";
		};
		E5FD6DE61795B77500B34477 /* StaticLibTestTests */ = {
			isa = PBXGroup;
			children = (
				E5FD6DEC1795B77500B34477 /* StaticLibTestTests.h */,
				E5FD6DED1795B77500B34477 /* StaticLibTestTests.m */,
				E5FD6DE71795B77500B34477 /* Supporting Files */,
				E5FD6DF51795B7D300B34477 /* Test.m */,
			);
			path = StaticLibTestTests;
			sourceTree = "<group>";
		};
		E5FD6DE71795B77500B34477 /* Supporting Files */ = {
			isa = PBXGroup;
			children = (
				E5FD6DE81795B77500B34477 /* StaticLibTestTests-Info.plist */,
				E5FD6DE91795B77500B34477 /* InfoPlist.strings */,
			);
			name = "Supporting Files";
			sourceTree = "<group>";
		};
/* End PBXGroup section */

/* Begin PBXNativeTarget section */
		E5A3A3A5178DB7DB00DB4917 /* PodsTest */ = {
			isa = PBXNativeTarget;
			buildConfigurationList = E5A3A3EA178DB7DB00DB4917 /* Build configuration list for PBXNativeTarget "PodsTest" */;
			buildPhases = (
				E05CD9ABCBF746AC8A883CD2 /* Check Pods Manifest.lock */,
				E5A3A3A2178DB7DB00DB4917 /* Sources */,
				E5A3A3A3178DB7DB00DB4917 /* Frameworks */,
				E5A3A3A4178DB7DB00DB4917 /* Resources */,
				7A656211A3054C4B9AB76B37 /* Copy Pods Resources */,
			);
			buildRules = (
			);
			dependencies = (
			);
			name = PodsTest;
			productName = PodsTest;
			productReference = E5A3A3A6178DB7DB00DB4917 /* PodsTest.app */;
			productType = "com.apple.product-type.application";
		};
		E5A3A3D7178DB7DB00DB4917 /* PodsTestTests */ = {
			isa = PBXNativeTarget;
			buildConfigurationList = E5A3A3ED178DB7DB00DB4917 /* Build configuration list for PBXNativeTarget "PodsTestTests" */;
			buildPhases = (
				E5A3A3D3178DB7DB00DB4917 /* Sources */,
				E5A3A3D4178DB7DB00DB4917 /* Frameworks */,
				E5A3A3D5178DB7DB00DB4917 /* Resources */,
				E5A3A3D6178DB7DB00DB4917 /* ShellScript */,
			);
			buildRules = (
			);
			dependencies = (
				E5A3A3DE178DB7DB00DB4917 /* PBXTargetDependency */,
			);
			name = PodsTestTests;
			productName = PodsTestTests;
			productReference = E5A3A3D8178DB7DB00DB4917 /* PodsTestTests.octest */;
			productType = "com.apple.product-type.bundle";
		};
		E5FD6DD01795B77500B34477 /* StaticLibTest */ = {
			isa = PBXNativeTarget;
			buildConfigurationList = E5FD6DEF1795B77500B34477 /* Build configuration list for PBXNativeTarget "StaticLibTest" */;
			buildPhases = (
				E5FD6DCD1795B77500B34477 /* Sources */,
				E5FD6DCE1795B77500B34477 /* Frameworks */,
				E5FD6DCF1795B77500B34477 /* CopyFiles */,
			);
			buildRules = (
			);
			dependencies = (
			);
			name = StaticLibTest;
			productName = StaticLibTest;
			productReference = E5FD6DD11795B77500B34477 /* libStaticLibTest.a */;
			productType = "com.apple.product-type.library.static";
		};
		E5FD6DDE1795B77500B34477 /* StaticLibTestTests */ = {
			isa = PBXNativeTarget;
			buildConfigurationList = E5FD6DF21795B77500B34477 /* Build configuration list for PBXNativeTarget "StaticLibTestTests" */;
			buildPhases = (
				E5FD6DDA1795B77500B34477 /* Sources */,
				E5FD6DDB1795B77500B34477 /* Frameworks */,
				E5FD6DDC1795B77500B34477 /* Resources */,
				E5FD6DDD1795B77500B34477 /* ShellScript */,
			);
			buildRules = (
			);
			dependencies = (
				E5FD6DE41795B77500B34477 /* PBXTargetDependency */,
			);
			name = StaticLibTestTests;
			productName = StaticLibTestTests;
			productReference = E5FD6DDF1795B77500B34477 /* StaticLibTestTests.octest */;
			productType = "com.apple.product-type.bundle";
		};
/* End PBXNativeTarget section */

/* Begin PBXProject section */
		E5A3A39E178DB7DB00DB4917 /* Project object */ = {
			isa = PBXProject;
			attributes = {
				CLASSPREFIX = PT;
				LastUpgradeCheck = 0460;
				ORGANIZATIONNAME = "Thalmic Labs";
			};
			buildConfigurationList = E5A3A3A1178DB7DB00DB4917 /* Build configuration list for PBXProject "PodsTest" */;
			compatibilityVersion = "Xcode 3.2";
			developmentRegion = English;
			hasScannedForEncodings = 0;
			knownRegions = (
				en,
			);
			mainGroup = E5A3A39D178DB7DB00DB4917;
			productRefGroup = E5A3A3A7178DB7DB00DB4917 /* Products */;
			projectDirPath = "";
			projectRoot = "";
			targets = (
				E5A3A3A5178DB7DB00DB4917 /* PodsTest */,
				E5A3A3D7178DB7DB00DB4917 /* PodsTestTests */,
				E5FD6DD01795B77500B34477 /* StaticLibTest */,
				E5FD6DDE1795B77500B34477 /* StaticLibTestTests */,
			);
		};
/* End PBXProject section */

/* Begin PBXResourcesBuildPhase section */
		E5A3A3A4178DB7DB00DB4917 /* Resources */ = {
			isa = PBXResourcesBuildPhase;
			buildActionMask = 2147483647;
			files = (
				E5A3A3B4178DB7DB00DB4917 /* InfoPlist.strings in Resources */,
				E5A3A3BC178DB7DB00DB4917 /* Default.png in Resources */,
				E5A3A3BE178DB7DB00DB4917 /* Default@2x.png in Resources */,
				E5A3A3C0178DB7DB00DB4917 /* Default-568h@2x.png in Resources */,
				E5A3A3C9178DB7DB00DB4917 /* PTMasterViewController_iPhone.xib in Resources */,
				E5A3A3CC178DB7DB00DB4917 /* PTMasterViewController_iPad.xib in Resources */,
				E5A3A3CF178DB7DB00DB4917 /* PTDetailViewController_iPhone.xib in Resources */,
				E5A3A3D2178DB7DB00DB4917 /* PTDetailViewController_iPad.xib in Resources */,
				E5A3A402178DD94700DB4917 /* Pods.xcconfig in Resources */,
			);
			runOnlyForDeploymentPostprocessing = 0;
		};
		E5A3A3D5178DB7DB00DB4917 /* Resources */ = {
			isa = PBXResourcesBuildPhase;
			buildActionMask = 2147483647;
			files = (
				E5A3A3E4178DB7DB00DB4917 /* InfoPlist.strings in Resources */,
				E5A3A403178DD9C400DB4917 /* Pods.xcconfig in Resources */,
			);
			runOnlyForDeploymentPostprocessing = 0;
		};
		E5FD6DDC1795B77500B34477 /* Resources */ = {
			isa = PBXResourcesBuildPhase;
			buildActionMask = 2147483647;
			files = (
				E5FD6DEB1795B77500B34477 /* InfoPlist.strings in Resources */,
			);
			runOnlyForDeploymentPostprocessing = 0;
		};
/* End PBXResourcesBuildPhase section */

/* Begin PBXShellScriptBuildPhase section */
		7A656211A3054C4B9AB76B37 /* Copy Pods Resources */ = {
			isa = PBXShellScriptBuildPhase;
			buildActionMask = 2147483647;
			files = (
			);
			inputPaths = (
			);
			name = "Copy Pods Resources";
			outputPaths = (
			);
			runOnlyForDeploymentPostprocessing = 0;
			shellPath = /bin/sh;
			shellScript = "\"${SRCROOT}/Pods/Pods-resources.sh\"\n";
			showEnvVarsInLog = 0;
		};
		E05CD9ABCBF746AC8A883CD2 /* Check Pods Manifest.lock */ = {
			isa = PBXShellScriptBuildPhase;
			buildActionMask = 2147483647;
			files = (
			);
			inputPaths = (
			);
			name = "Check Pods Manifest.lock";
			outputPaths = (
			);
			runOnlyForDeploymentPostprocessing = 0;
			shellPath = /bin/sh;
			shellScript = "diff \"${PODS_ROOT}/../Podfile.lock\" \"${PODS_ROOT}/Manifest.lock\" > /dev/null\nif [[ $? != 0 ]] ; then\n    cat << EOM\nerror: The sandbox is not in sync with the Podfile.lock. Run 'pod install' or update your CocoaPods installation.\nEOM\n    exit 1\nfi\n";
			showEnvVarsInLog = 0;
		};
		E5A3A3D6178DB7DB00DB4917 /* ShellScript */ = {
			isa = PBXShellScriptBuildPhase;
			buildActionMask = 2147483647;
			files = (
			);
			inputPaths = (
			);
			outputPaths = (
			);
			runOnlyForDeploymentPostprocessing = 0;
			shellPath = /bin/sh;
			shellScript = "# Run the unit tests in this test bundle.\n\"${SYSTEM_DEVELOPER_DIR}/Tools/RunUnitTests\"\n";
		};
		E5FD6DDD1795B77500B34477 /* ShellScript */ = {
			isa = PBXShellScriptBuildPhase;
			buildActionMask = 2147483647;
			files = (
			);
			inputPaths = (
			);
			outputPaths = (
			);
			runOnlyForDeploymentPostprocessing = 0;
			shellPath = /bin/sh;
			shellScript = "# Run the unit tests in this test bundle.\n\"${SYSTEM_DEVELOPER_DIR}/Tools/RunUnitTests\"\n";
		};
/* End PBXShellScriptBuildPhase section */

/* Begin PBXSourcesBuildPhase section */
		E5A3A3A2178DB7DB00DB4917 /* Sources */ = {
			isa = PBXSourcesBuildPhase;
			buildActionMask = 2147483647;
			files = (
				E5A3A3B6178DB7DB00DB4917 /* main.m in Sources */,
				E5A3A3BA178DB7DB00DB4917 /* PTAppDelegate.m in Sources */,
				E5A3A3C3178DB7DB00DB4917 /* PTMasterViewController.m in Sources */,
				E5A3A3C6178DB7DB00DB4917 /* PTDetailViewController.m in Sources */,
			);
			runOnlyForDeploymentPostprocessing = 0;
		};
		E5A3A3D3178DB7DB00DB4917 /* Sources */ = {
			isa = PBXSourcesBuildPhase;
			buildActionMask = 2147483647;
			files = (
				E5A3A3E7178DB7DB00DB4917 /* PodsTestTests.m in Sources */,
				E5F3CEB5178DE37D007FA888 /* SpectaTest.m in Sources */,
			);
			runOnlyForDeploymentPostprocessing = 0;
		};
		E5FD6DCD1795B77500B34477 /* Sources */ = {
			isa = PBXSourcesBuildPhase;
			buildActionMask = 2147483647;
			files = (
				E5FD6DD91795B77500B34477 /* StaticLibTest.m in Sources */,
			);
			runOnlyForDeploymentPostprocessing = 0;
		};
		E5FD6DDA1795B77500B34477 /* Sources */ = {
			isa = PBXSourcesBuildPhase;
			buildActionMask = 2147483647;
			files = (
				E5FD6DEE1795B77500B34477 /* StaticLibTestTests.m in Sources */,
				E5FD6DF61795B7D300B34477 /* Test.m in Sources */,
			);
			runOnlyForDeploymentPostprocessing = 0;
		};
/* End PBXSourcesBuildPhase section */

/* Begin PBXTargetDependency section */
		E5A3A3DE178DB7DB00DB4917 /* PBXTargetDependency */ = {
			isa = PBXTargetDependency;
			target = E5A3A3A5178DB7DB00DB4917 /* PodsTest */;
			targetProxy = E5A3A3DD178DB7DB00DB4917 /* PBXContainerItemProxy */;
		};
		E5FD6DE41795B77500B34477 /* PBXTargetDependency */ = {
			isa = PBXTargetDependency;
			target = E5FD6DD01795B77500B34477 /* StaticLibTest */;
			targetProxy = E5FD6DE31795B77500B34477 /* PBXContainerItemProxy */;
		};
/* End PBXTargetDependency section */

/* Begin PBXVariantGroup section */
		E5A3A3B2178DB7DB00DB4917 /* InfoPlist.strings */ = {
			isa = PBXVariantGroup;
			children = (
				E5A3A3B3178DB7DB00DB4917 /* en */,
			);
			name = InfoPlist.strings;
			sourceTree = "<group>";
		};
		E5A3A3C7178DB7DB00DB4917 /* PTMasterViewController_iPhone.xib */ = {
			isa = PBXVariantGroup;
			children = (
				E5A3A3C8178DB7DB00DB4917 /* en */,
			);
			name = PTMasterViewController_iPhone.xib;
			sourceTree = "<group>";
		};
		E5A3A3CA178DB7DB00DB4917 /* PTMasterViewController_iPad.xib */ = {
			isa = PBXVariantGroup;
			children = (
				E5A3A3CB178DB7DB00DB4917 /* en */,
			);
			name = PTMasterViewController_iPad.xib;
			sourceTree = "<group>";
		};
		E5A3A3CD178DB7DB00DB4917 /* PTDetailViewController_iPhone.xib */ = {
			isa = PBXVariantGroup;
			children = (
				E5A3A3CE178DB7DB00DB4917 /* en */,
			);
			name = PTDetailViewController_iPhone.xib;
			sourceTree = "<group>";
		};
		E5A3A3D0178DB7DB00DB4917 /* PTDetailViewController_iPad.xib */ = {
			isa = PBXVariantGroup;
			children = (
				E5A3A3D1178DB7DB00DB4917 /* en */,
			);
			name = PTDetailViewController_iPad.xib;
			sourceTree = "<group>";
		};
		E5A3A3E2178DB7DB00DB4917 /* InfoPlist.strings */ = {
			isa = PBXVariantGroup;
			children = (
				E5A3A3E3178DB7DB00DB4917 /* en */,
			);
			name = InfoPlist.strings;
			sourceTree = "<group>";
		};
		E5FD6DE91795B77500B34477 /* InfoPlist.strings */ = {
			isa = PBXVariantGroup;
			children = (
				E5FD6DEA1795B77500B34477 /* en */,
			);
			name = InfoPlist.strings;
			sourceTree = "<group>";
		};
/* End PBXVariantGroup section */

/* Begin XCBuildConfiguration section */
		E5A3A3E8178DB7DB00DB4917 /* Debug */ = {
			isa = XCBuildConfiguration;
			baseConfigurationReference = E5A3A401178DD94700DB4917 /* Pods.xcconfig */;
			buildSettings = {
				ALWAYS_SEARCH_USER_PATHS = NO;
				CLANG_CXX_LANGUAGE_STANDARD = "gnu++0x";
				CLANG_CXX_LIBRARY = "libc++";
				CLANG_ENABLE_OBJC_ARC = YES;
				CLANG_WARN_CONSTANT_CONVERSION = YES;
				CLANG_WARN_EMPTY_BODY = YES;
				CLANG_WARN_ENUM_CONVERSION = YES;
				CLANG_WARN_INT_CONVERSION = YES;
				CLANG_WARN__DUPLICATE_METHOD_MATCH = YES;
				"CODE_SIGN_IDENTITY[sdk=iphoneos*]" = "iPhone Developer";
				COPY_PHASE_STRIP = NO;
				GCC_C_LANGUAGE_STANDARD = gnu99;
				GCC_DYNAMIC_NO_PIC = NO;
				GCC_OPTIMIZATION_LEVEL = 0;
				GCC_PREPROCESSOR_DEFINITIONS = (
					"DEBUG=1",
					"$(inherited)",
				);
				GCC_SYMBOLS_PRIVATE_EXTERN = NO;
				GCC_WARN_ABOUT_RETURN_TYPE = YES;
				GCC_WARN_UNINITIALIZED_AUTOS = YES;
				GCC_WARN_UNUSED_VARIABLE = YES;
				IPHONEOS_DEPLOYMENT_TARGET = 6.1;
				ONLY_ACTIVE_ARCH = YES;
				SDKROOT = iphoneos;
				TARGETED_DEVICE_FAMILY = "1,2";
			};
			name = Debug;
		};
		E5A3A3E9178DB7DB00DB4917 /* Release */ = {
			isa = XCBuildConfiguration;
			baseConfigurationReference = E5A3A401178DD94700DB4917 /* Pods.xcconfig */;
			buildSettings = {
				ALWAYS_SEARCH_USER_PATHS = NO;
				CLANG_CXX_LANGUAGE_STANDARD = "gnu++0x";
				CLANG_CXX_LIBRARY = "libc++";
				CLANG_ENABLE_OBJC_ARC = YES;
				CLANG_WARN_CONSTANT_CONVERSION = YES;
				CLANG_WARN_EMPTY_BODY = YES;
				CLANG_WARN_ENUM_CONVERSION = YES;
				CLANG_WARN_INT_CONVERSION = YES;
				CLANG_WARN__DUPLICATE_METHOD_MATCH = YES;
				"CODE_SIGN_IDENTITY[sdk=iphoneos*]" = "iPhone Developer";
				COPY_PHASE_STRIP = YES;
				GCC_C_LANGUAGE_STANDARD = gnu99;
				GCC_WARN_ABOUT_RETURN_TYPE = YES;
				GCC_WARN_UNINITIALIZED_AUTOS = YES;
				GCC_WARN_UNUSED_VARIABLE = YES;
				IPHONEOS_DEPLOYMENT_TARGET = 6.1;
				OTHER_CFLAGS = "-DNS_BLOCK_ASSERTIONS=1";
				SDKROOT = iphoneos;
				TARGETED_DEVICE_FAMILY = "1,2";
				VALIDATE_PRODUCT = YES;
			};
			name = Release;
		};
		E5A3A3EB178DB7DB00DB4917 /* Debug */ = {
			isa = XCBuildConfiguration;
			baseConfigurationReference = E5A3A401178DD94700DB4917 /* Pods.xcconfig */;
			buildSettings = {
				GCC_PRECOMPILE_PREFIX_HEADER = YES;
				GCC_PREFIX_HEADER = "PodsTest/PodsTest-Prefix.pch";
				HEADER_SEARCH_PATHS = "$(inherited)";
				INFOPLIST_FILE = "PodsTest/PodsTest-Info.plist";
				PRODUCT_NAME = "$(TARGET_NAME)";
				WRAPPER_EXTENSION = app;
			};
			name = Debug;
		};
		E5A3A3EC178DB7DB00DB4917 /* Release */ = {
			isa = XCBuildConfiguration;
			baseConfigurationReference = E5A3A401178DD94700DB4917 /* Pods.xcconfig */;
			buildSettings = {
				GCC_PRECOMPILE_PREFIX_HEADER = YES;
				GCC_PREFIX_HEADER = "PodsTest/PodsTest-Prefix.pch";
				HEADER_SEARCH_PATHS = "$(inherited)";
				INFOPLIST_FILE = "PodsTest/PodsTest-Info.plist";
				PRODUCT_NAME = "$(TARGET_NAME)";
				WRAPPER_EXTENSION = app;
			};
			name = Release;
		};
		E5A3A3EE178DB7DB00DB4917 /* Debug */ = {
			isa = XCBuildConfiguration;
			baseConfigurationReference = E5A3A401178DD94700DB4917 /* Pods.xcconfig */;
			buildSettings = {
				BUNDLE_LOADER = "$(BUILT_PRODUCTS_DIR)/PodsTest.app/PodsTest";
				FRAMEWORK_SEARCH_PATHS = (
					"\"$(SDKROOT)/Developer/Library/Frameworks\"",
					"\"$(DEVELOPER_LIBRARY_DIR)/Frameworks\"",
				);
				GCC_PRECOMPILE_PREFIX_HEADER = YES;
				GCC_PREFIX_HEADER = "PodsTest/PodsTest-Prefix.pch";
				HEADER_SEARCH_PATHS = "$(inherited)";
				INFOPLIST_FILE = "PodsTestTests/PodsTestTests-Info.plist";
				PRODUCT_NAME = "$(TARGET_NAME)";
				TEST_HOST = "$(BUNDLE_LOADER)";
				USER_HEADER_SEARCH_PATHS = "";
				WRAPPER_EXTENSION = octest;
			};
			name = Debug;
		};
		E5A3A3EF178DB7DB00DB4917 /* Release */ = {
			isa = XCBuildConfiguration;
			baseConfigurationReference = E5A3A401178DD94700DB4917 /* Pods.xcconfig */;
			buildSettings = {
				BUNDLE_LOADER = "$(BUILT_PRODUCTS_DIR)/PodsTest.app/PodsTest";
				FRAMEWORK_SEARCH_PATHS = (
					"\"$(SDKROOT)/Developer/Library/Frameworks\"",
					"\"$(DEVELOPER_LIBRARY_DIR)/Frameworks\"",
				);
				GCC_PRECOMPILE_PREFIX_HEADER = YES;
				GCC_PREFIX_HEADER = "PodsTest/PodsTest-Prefix.pch";
				HEADER_SEARCH_PATHS = "$(inherited)";
				INFOPLIST_FILE = "PodsTestTests/PodsTestTests-Info.plist";
				PRODUCT_NAME = "$(TARGET_NAME)";
				TEST_HOST = "$(BUNDLE_LOADER)";
				USER_HEADER_SEARCH_PATHS = "";
				WRAPPER_EXTENSION = octest;
			};
			name = Release;
		};
		E5FD6DF01795B77500B34477 /* Debug */ = {
			isa = XCBuildConfiguration;
			baseConfigurationReference = E5A3A401178DD94700DB4917 /* Pods.xcconfig */;
			buildSettings = {
				DSTROOT = /tmp/StaticLibTest.dst;
				GCC_PRECOMPILE_PREFIX_HEADER = YES;
				GCC_PREFIX_HEADER = "StaticLibTest/StaticLibTest-Prefix.pch";
				OTHER_LDFLAGS = "$(inherited)";
				PRODUCT_NAME = "$(TARGET_NAME)";
				SKIP_INSTALL = YES;
			};
			name = Debug;
		};
		E5FD6DF11795B77500B34477 /* Release */ = {
			isa = XCBuildConfiguration;
			baseConfigurationReference = E5A3A401178DD94700DB4917 /* Pods.xcconfig */;
			buildSettings = {
				DSTROOT = /tmp/StaticLibTest.dst;
				GCC_PRECOMPILE_PREFIX_HEADER = YES;
				GCC_PREFIX_HEADER = "StaticLibTest/StaticLibTest-Prefix.pch";
				OTHER_LDFLAGS = "$(inherited)";
				PRODUCT_NAME = "$(TARGET_NAME)";
				SKIP_INSTALL = YES;
			};
			name = Release;
		};
		E5FD6DF31795B77500B34477 /* Debug */ = {
			isa = XCBuildConfiguration;
			baseConfigurationReference = E5A3A401178DD94700DB4917 /* Pods.xcconfig */;
			buildSettings = {
				FRAMEWORK_SEARCH_PATHS = (
					"\"$(SDKROOT)/Developer/Library/Frameworks\"",
					"\"$(DEVELOPER_LIBRARY_DIR)/Frameworks\"",
				);
				GCC_PRECOMPILE_PREFIX_HEADER = YES;
				GCC_PREFIX_HEADER = "StaticLibTest/StaticLibTest-Prefix.pch";
				INFOPLIST_FILE = "StaticLibTestTests/StaticLibTestTests-Info.plist";
				PRODUCT_NAME = "$(TARGET_NAME)";
				WRAPPER_EXTENSION = octest;
			};
			name = Debug;
		};
		E5FD6DF41795B77500B34477 /* Release */ = {
			isa = XCBuildConfiguration;
			baseConfigurationReference = E5A3A401178DD94700DB4917 /* Pods.xcconfig */;
			buildSettings = {
				FRAMEWORK_SEARCH_PATHS = (
					"\"$(SDKROOT)/Developer/Library/Frameworks\"",
					"\"$(DEVELOPER_LIBRARY_DIR)/Frameworks\"",
				);
				GCC_PRECOMPILE_PREFIX_HEADER = YES;
				GCC_PREFIX_HEADER = "StaticLibTest/StaticLibTest-Prefix.pch";
				INFOPLIST_FILE = "StaticLibTestTests/StaticLibTestTests-Info.plist";
				PRODUCT_NAME = "$(TARGET_NAME)";
				WRAPPER_EXTENSION = octest;
			};
			name = Release;
		};
/* End XCBuildConfiguration section */

/* Begin XCConfigurationList section */
		E5A3A3A1178DB7DB00DB4917 /* Build configuration list for PBXProject "PodsTest" */ = {
			isa = XCConfigurationList;
			buildConfigurations = (
				E5A3A3E8178DB7DB00DB4917 /* Debug */,
				E5A3A3E9178DB7DB00DB4917 /* Release */,
			);
			defaultConfigurationIsVisible = 0;
			defaultConfigurationName = Release;
		};
		E5A3A3EA178DB7DB00DB4917 /* Build configuration list for PBXNativeTarget "PodsTest" */ = {
			isa = XCConfigurationList;
			buildConfigurations = (
				E5A3A3EB178DB7DB00DB4917 /* Debug */,
				E5A3A3EC178DB7DB00DB4917 /* Release */,
			);
			defaultConfigurationIsVisible = 0;
			defaultConfigurationName = Release;
		};
		E5A3A3ED178DB7DB00DB4917 /* Build configuration list for PBXNativeTarget "PodsTestTests" */ = {
			isa = XCConfigurationList;
			buildConfigurations = (
				E5A3A3EE178DB7DB00DB4917 /* Debug */,
				E5A3A3EF178DB7DB00DB4917 /* Release */,
			);
			defaultConfigurationIsVisible = 0;
			defaultConfigurationName = Release;
		};
		E5FD6DEF1795B77500B34477 /* Build configuration list for PBXNativeTarget "StaticLibTest" */ = {
			isa = XCConfigurationList;
			buildConfigurations = (
				E5FD6DF01795B77500B34477 /* Debug */,
				E5FD6DF11795B77500B34477 /* Release */,
			);
			defaultConfigurationIsVisible = 0;
			defaultConfigurationName = Release;
		};
		E5FD6DF21795B77500B34477 /* Build configuration list for PBXNativeTarget "StaticLibTestTests" */ = {
			isa = XCConfigurationList;
			buildConfigurations = (
				E5FD6DF31795B77500B34477 /* Debug */,
				E5FD6DF41795B77500B34477 /* Release */,
			);
			defaultConfigurationIsVisible = 0;
			defaultConfigurationName = Release;
		};
/* End XCConfigurationList section */
	};
	rootObject = E5A3A39E178DB7DB00DB4917 /* Project object */;
}
